
Microsoft Visual Studio Solution File, Format Version 12.00
# Visual Studio Version 16
VisualStudioVersion = 16.0.29911.84
MinimumVisualStudioVersion = 10.0.40219.1
Project("{9A19103F-16F7-4668-BE54-9A1E7A4F7556}") = "Circustrein", "Circustrein\Circustrein.csproj", "{7EF769B3-D7CC-462F-8D7A-4F2540FDEE6E}"
EndProject
Project("{FAE04EC0-301F-11D3-BF4B-00C04F79EFBC}") = "UnitTestProject", "UnitTestProject\UnitTestProject.csproj", "{04B9846C-6D4F-4279-95BE-7E2A8F633F9A}"
EndProject
Global
	GlobalSection(SolutionConfigurationPlatforms) = preSolution
		Debug|Any CPU = Debug|Any CPU
		Release|Any CPU = Release|Any CPU
	EndGlobalSection
	GlobalSection(ProjectConfigurationPlatforms) = postSolution
		{7EF769B3-D7CC-462F-8D7A-4F2540FDEE6E}.Debug|Any CPU.ActiveCfg = Debug|Any CPU
		{7EF769B3-D7CC-462F-8D7A-4F2540FDEE6E}.Debug|Any CPU.Build.0 = Debug|Any CPU
		{7EF769B3-D7CC-462F-8D7A-4F2540FDEE6E}.Release|Any CPU.ActiveCfg = Release|Any CPU
		{7EF769B3-D7CC-462F-8D7A-4F2540FDEE6E}.Release|Any CPU.Build.0 = Release|Any CPU
		{04B9846C-6D4F-4279-95BE-7E2A8F633F9A}.Debug|Any CPU.ActiveCfg = Debug|Any CPU
		{04B9846C-6D4F-4279-95BE-7E2A8F633F9A}.Debug|Any CPU.Build.0 = Debug|Any CPU
		{04B9846C-6D4F-4279-95BE-7E2A8F633F9A}.Release|Any CPU.ActiveCfg = Release|Any CPU
		{04B9846C-6D4F-4279-95BE-7E2A8F633F9A}.Release|Any CPU.Build.0 = Release|Any CPU
	EndGlobalSection
	GlobalSection(SolutionProperties) = preSolution
		HideSolutionNode = FALSE
	EndGlobalSection
	GlobalSection(ExtensibilityGlobals) = postSolution
		SolutionGuid = {30CDCEB1-7F73-4452-B7AE-34267DC96298}
	EndGlobalSection
EndGlobal
